
Microsoft Visual Studio Solution File, Format Version 12.00
# Visual Studio 2015
Project("{FAE04EC0-301F-11D3-BF4B-00C04F79EFBC}") = "MasterGameStudioProject.CSharp", "MasterGameStudioProject.CSharp.csproj", "{E348D08D-715F-AB31-0F7A-1CDB7101E1AD}"
EndProject
Project("{FAE04EC0-301F-11D3-BF4B-00C04F79EFBC}") = "MasterGameStudioProject.CSharp.Plugins", "MasterGameStudioProject.CSharp.Plugins.csproj", "{92692EB0-58E1-1F68-494F-8705A3468CDB}"
EndProject
Project("{FAE04EC0-301F-11D3-BF4B-00C04F79EFBC}") = "MasterGameStudioProject.CSharp.Editor", "MasterGameStudioProject.CSharp.Editor.csproj", "{5AAE2A68-6C6D-BAA8-A791-1ADAA8F68339}"
EndProject
Project("{FAE04EC0-301F-11D3-BF4B-00C04F79EFBC}") = "MasterGameStudioProject.CSharp.Editor.Plugins", "MasterGameStudioProject.CSharp.Editor.Plugins.csproj", "{649C7DD3-002D-8454-CC9D-341F0BE1A652}"
EndProject
Global
	GlobalSection(SolutionConfigurationPlatforms) = preSolution
		Debug|Any CPU = Debug|Any CPU
		Release|Any CPU = Release|Any CPU
	EndGlobalSection
	GlobalSection(ProjectConfigurationPlatforms) = postSolution
		{E348D08D-715F-AB31-0F7A-1CDB7101E1AD}.Debug|Any CPU.ActiveCfg = Debug|Any CPU
		{E348D08D-715F-AB31-0F7A-1CDB7101E1AD}.Debug|Any CPU.Build.0 = Debug|Any CPU
		{E348D08D-715F-AB31-0F7A-1CDB7101E1AD}.Release|Any CPU.ActiveCfg = Release|Any CPU
		{E348D08D-715F-AB31-0F7A-1CDB7101E1AD}.Release|Any CPU.Build.0 = Release|Any CPU
		{92692EB0-58E1-1F68-494F-8705A3468CDB}.Debug|Any CPU.ActiveCfg = Debug|Any CPU
		{92692EB0-58E1-1F68-494F-8705A3468CDB}.Debug|Any CPU.Build.0 = Debug|Any CPU
		{92692EB0-58E1-1F68-494F-8705A3468CDB}.Release|Any CPU.ActiveCfg = Release|Any CPU
		{92692EB0-58E1-1F68-494F-8705A3468CDB}.Release|Any CPU.Build.0 = Release|Any CPU
		{5AAE2A68-6C6D-BAA8-A791-1ADAA8F68339}.Debug|Any CPU.ActiveCfg = Debug|Any CPU
		{5AAE2A68-6C6D-BAA8-A791-1ADAA8F68339}.Debug|Any CPU.Build.0 = Debug|Any CPU
		{5AAE2A68-6C6D-BAA8-A791-1ADAA8F68339}.Release|Any CPU.ActiveCfg = Release|Any CPU
		{5AAE2A68-6C6D-BAA8-A791-1ADAA8F68339}.Release|Any CPU.Build.0 = Release|Any CPU
		{649C7DD3-002D-8454-CC9D-341F0BE1A652}.Debug|Any CPU.ActiveCfg = Debug|Any CPU
		{649C7DD3-002D-8454-CC9D-341F0BE1A652}.Debug|Any CPU.Build.0 = Debug|Any CPU
		{649C7DD3-002D-8454-CC9D-341F0BE1A652}.Release|Any CPU.ActiveCfg = Release|Any CPU
		{649C7DD3-002D-8454-CC9D-341F0BE1A652}.Release|Any CPU.Build.0 = Release|Any CPU
	EndGlobalSection
	GlobalSection(SolutionProperties) = preSolution
		HideSolutionNode = FALSE
	EndGlobalSection
EndGlobal
