
Microsoft Visual Studio Solution File, Format Version 11.00
# Visual Studio 2010
Project("{FAE04EC0-301F-11D3-BF4B-00C04F79EFBC}") = "MasterGameStudioProject", "Assembly-CSharp.csproj", "{219BEDFC-E22B-7034-33B5-D27C505CAA8F}"
EndProject
Project("{A8CD3EA8-2D76-B7ED-054D-2BDFA2C0FA37}") = "MasterGameStudioProject", "Assembly-UnityScript.unityproj", "{B13B4764-272B-31AD-488C-7ECDC22E4E4A}"
EndProject
Project("{FAE04EC0-301F-11D3-BF4B-00C04F79EFBC}") = "MasterGameStudioProject", "Assembly-CSharp-Editor.csproj", "{781372C3-0F9E-5027-7816-8ED9CCFE31C9}"
EndProject
Global
	GlobalSection(SolutionConfigurationPlatforms) = preSolution
		Debug|Any CPU = Debug|Any CPU
		Release|Any CPU = Release|Any CPU
	EndGlobalSection
	GlobalSection(ProjectConfigurationPlatforms) = postSolution
		{219BEDFC-E22B-7034-33B5-D27C505CAA8F}.Debug|Any CPU.ActiveCfg = Debug|Any CPU
		{219BEDFC-E22B-7034-33B5-D27C505CAA8F}.Debug|Any CPU.Build.0 = Debug|Any CPU
		{219BEDFC-E22B-7034-33B5-D27C505CAA8F}.Release|Any CPU.ActiveCfg = Release|Any CPU
		{219BEDFC-E22B-7034-33B5-D27C505CAA8F}.Release|Any CPU.Build.0 = Release|Any CPU
		{B13B4764-272B-31AD-488C-7ECDC22E4E4A}.Debug|Any CPU.ActiveCfg = Debug|Any CPU
		{B13B4764-272B-31AD-488C-7ECDC22E4E4A}.Debug|Any CPU.Build.0 = Debug|Any CPU
		{B13B4764-272B-31AD-488C-7ECDC22E4E4A}.Release|Any CPU.ActiveCfg = Release|Any CPU
		{B13B4764-272B-31AD-488C-7ECDC22E4E4A}.Release|Any CPU.Build.0 = Release|Any CPU
		{781372C3-0F9E-5027-7816-8ED9CCFE31C9}.Debug|Any CPU.ActiveCfg = Debug|Any CPU
		{781372C3-0F9E-5027-7816-8ED9CCFE31C9}.Debug|Any CPU.Build.0 = Debug|Any CPU
		{781372C3-0F9E-5027-7816-8ED9CCFE31C9}.Release|Any CPU.ActiveCfg = Release|Any CPU
		{781372C3-0F9E-5027-7816-8ED9CCFE31C9}.Release|Any CPU.Build.0 = Release|Any CPU
	EndGlobalSection
	GlobalSection(SolutionProperties) = preSolution
		HideSolutionNode = FALSE
	EndGlobalSection
	GlobalSection(MonoDevelopProperties) = preSolution
		StartupItem = Assembly-CSharp.csproj
	EndGlobalSection
EndGlobal
