
Microsoft Visual Studio Solution File, Format Version 12.00
# Visual Studio 2015
Project("{FAE04EC0-301F-11D3-BF4B-00C04F79EFBC}") = "MasterGameStudioProject", "MasterGameStudioProject.csproj", "{5AACAB43-0F8F-07B2-1536-0C505C15F48A}"
EndProject
Project("{FAE04EC0-301F-11D3-BF4B-00C04F79EFBC}") = "MasterGameStudioProject.Editor", "MasterGameStudioProject.Editor.csproj", "{05035678-66BD-D1FC-9637-CAFADC7CA2AB}"
EndProject
Global
	GlobalSection(SolutionConfigurationPlatforms) = preSolution
		Debug|Any CPU = Debug|Any CPU
		Release|Any CPU = Release|Any CPU
	EndGlobalSection
	GlobalSection(ProjectConfigurationPlatforms) = postSolution
		{5AACAB43-0F8F-07B2-1536-0C505C15F48A}.Debug|Any CPU.ActiveCfg = Debug|Any CPU
		{5AACAB43-0F8F-07B2-1536-0C505C15F48A}.Debug|Any CPU.Build.0 = Debug|Any CPU
		{5AACAB43-0F8F-07B2-1536-0C505C15F48A}.Release|Any CPU.ActiveCfg = Release|Any CPU
		{5AACAB43-0F8F-07B2-1536-0C505C15F48A}.Release|Any CPU.Build.0 = Release|Any CPU
		{05035678-66BD-D1FC-9637-CAFADC7CA2AB}.Debug|Any CPU.ActiveCfg = Debug|Any CPU
		{05035678-66BD-D1FC-9637-CAFADC7CA2AB}.Debug|Any CPU.Build.0 = Debug|Any CPU
		{05035678-66BD-D1FC-9637-CAFADC7CA2AB}.Release|Any CPU.ActiveCfg = Release|Any CPU
		{05035678-66BD-D1FC-9637-CAFADC7CA2AB}.Release|Any CPU.Build.0 = Release|Any CPU
	EndGlobalSection
	GlobalSection(SolutionProperties) = preSolution
		HideSolutionNode = FALSE
	EndGlobalSection
EndGlobal
